
Microsoft Visual Studio Solution File, Format Version 12.00
# Visual Studio Version 16
VisualStudioVersion = 16.0.30503.244
MinimumVisualStudioVersion = 10.0.40219.1
Project("{9A19103F-16F7-4668-BE54-9A1E7A4F7556}") = "ReportDashboard", "ReportDashboard\ReportDashboard.csproj", "{2273FB56-8649-419E-B0DC-6EE095C0C2C1}"
EndProject
Project("{9A19103F-16F7-4668-BE54-9A1E7A4F7556}") = "ReportDashboard.Abstract", "ReportDashboard.Abstract\ReportDashboard.Abstract.csproj", "{64B8AD87-FB84-4547-9FF5-E4B0B5ACB27F}"
EndProject
Project("{9A19103F-16F7-4668-BE54-9A1E7A4F7556}") = "ReportDashboard.Services", "ReportDashboard.Services\ReportDashboard.Services.csproj", "{A8EF0772-2F63-4895-8FBF-B7D0D9824300}"
EndProject
Project("{9A19103F-16F7-4668-BE54-9A1E7A4F7556}") = "ReportDashboard.DataAccess", "ReportDashboard.DataAccess\ReportDashboard.DataAccess.csproj", "{B66E9554-CFA8-4F3C-AEAB-0149B392AB5D}"
EndProject
Project("{FAE04EC0-301F-11D3-BF4B-00C04F79EFBC}") = "ReportDashboard.Tests", "ReportDashboard.Tests\ReportDashboard.Tests.csproj", "{E3A6697A-55B7-4A9E-B001-A7716E0290C2}"
EndProject
Global
	GlobalSection(SolutionConfigurationPlatforms) = preSolution
		Debug|Any CPU = Debug|Any CPU
		Release|Any CPU = Release|Any CPU
	EndGlobalSection
	GlobalSection(ProjectConfigurationPlatforms) = postSolution
		{2273FB56-8649-419E-B0DC-6EE095C0C2C1}.Debug|Any CPU.ActiveCfg = Debug|Any CPU
		{2273FB56-8649-419E-B0DC-6EE095C0C2C1}.Debug|Any CPU.Build.0 = Debug|Any CPU
		{2273FB56-8649-419E-B0DC-6EE095C0C2C1}.Release|Any CPU.ActiveCfg = Release|Any CPU
		{2273FB56-8649-419E-B0DC-6EE095C0C2C1}.Release|Any CPU.Build.0 = Release|Any CPU
		{64B8AD87-FB84-4547-9FF5-E4B0B5ACB27F}.Debug|Any CPU.ActiveCfg = Debug|Any CPU
		{64B8AD87-FB84-4547-9FF5-E4B0B5ACB27F}.Debug|Any CPU.Build.0 = Debug|Any CPU
		{64B8AD87-FB84-4547-9FF5-E4B0B5ACB27F}.Release|Any CPU.ActiveCfg = Release|Any CPU
		{64B8AD87-FB84-4547-9FF5-E4B0B5ACB27F}.Release|Any CPU.Build.0 = Release|Any CPU
		{A8EF0772-2F63-4895-8FBF-B7D0D9824300}.Debug|Any CPU.ActiveCfg = Debug|Any CPU
		{A8EF0772-2F63-4895-8FBF-B7D0D9824300}.Debug|Any CPU.Build.0 = Debug|Any CPU
		{A8EF0772-2F63-4895-8FBF-B7D0D9824300}.Release|Any CPU.ActiveCfg = Release|Any CPU
		{A8EF0772-2F63-4895-8FBF-B7D0D9824300}.Release|Any CPU.Build.0 = Release|Any CPU
		{B66E9554-CFA8-4F3C-AEAB-0149B392AB5D}.Debug|Any CPU.ActiveCfg = Debug|Any CPU
		{B66E9554-CFA8-4F3C-AEAB-0149B392AB5D}.Debug|Any CPU.Build.0 = Debug|Any CPU
		{B66E9554-CFA8-4F3C-AEAB-0149B392AB5D}.Release|Any CPU.ActiveCfg = Release|Any CPU
		{B66E9554-CFA8-4F3C-AEAB-0149B392AB5D}.Release|Any CPU.Build.0 = Release|Any CPU
		{E3A6697A-55B7-4A9E-B001-A7716E0290C2}.Debug|Any CPU.ActiveCfg = Debug|Any CPU
		{E3A6697A-55B7-4A9E-B001-A7716E0290C2}.Debug|Any CPU.Build.0 = Debug|Any CPU
		{E3A6697A-55B7-4A9E-B001-A7716E0290C2}.Release|Any CPU.ActiveCfg = Release|Any CPU
		{E3A6697A-55B7-4A9E-B001-A7716E0290C2}.Release|Any CPU.Build.0 = Release|Any CPU
	EndGlobalSection
	GlobalSection(SolutionProperties) = preSolution
		HideSolutionNode = FALSE
	EndGlobalSection
	GlobalSection(ExtensibilityGlobals) = postSolution
		SolutionGuid = {2FE0A4CC-C49D-420C-959F-7B9A2A18F514}
	EndGlobalSection
EndGlobal
